
Microsoft Visual Studio Solution File, Format Version 12.00
# Visual Studio Version 16
VisualStudioVersion = 16.0.31313.79
MinimumVisualStudioVersion = 10.0.40219.1
Project("{9A19103F-16F7-4668-BE54-9A1E7A4F7556}") = "BackendIntegrator", "BackendIntegrator.csproj", "{563CB0B6-CB51-4AF3-A9F1-A25E3AECF5F3}"
EndProject
Global
	GlobalSection(SolutionConfigurationPlatforms) = preSolution
		Debug|Any CPU = Debug|Any CPU
		Release|Any CPU = Release|Any CPU
	EndGlobalSection
	GlobalSection(ProjectConfigurationPlatforms) = postSolution
		{563CB0B6-CB51-4AF3-A9F1-A25E3AECF5F3}.Debug|Any CPU.ActiveCfg = Debug|Any CPU
		{563CB0B6-CB51-4AF3-A9F1-A25E3AECF5F3}.Debug|Any CPU.Build.0 = Debug|Any CPU
		{563CB0B6-CB51-4AF3-A9F1-A25E3AECF5F3}.Release|Any CPU.ActiveCfg = Release|Any CPU
		{563CB0B6-CB51-4AF3-A9F1-A25E3AECF5F3}.Release|Any CPU.Build.0 = Release|Any CPU
	EndGlobalSection
	GlobalSection(SolutionProperties) = preSolution
		HideSolutionNode = FALSE
	EndGlobalSection
	GlobalSection(ExtensibilityGlobals) = postSolution
		SolutionGuid = {BB79009A-6AA2-47C4-9FDE-C7AE03F173E4}
	EndGlobalSection
EndGlobal
